lockfileVersion: '9.0'

settings:
  autoInstallPeers: true
  excludeLinksFromLockfile: false

patchedDependencies:
  left-pad@1.3.0:
    hash: 9e0f13b98377d5c4c2e7b7b6ba81f2619588134e4df976f8b79cc200b02cf500
    path: patches/left-pad@1.3.0.patch

importers:

  .: {}

  packages/functions:
    dependencies:
      left-pad:
        specifier: 1.3.0
        version: 1.3.0(patch_hash=9e0f13b98377d5c4c2e7b7b6ba81f2619588134e4df976f8b79cc200b02cf500)

packages:

  left-pad@1.3.0:
    resolution: {integrity: sha512-XI5MPzVNApjAyhQzphX8BkmKsKUxD4LdyK24iZeQGinBN9yTQT3bFlCBy/aVx2HrNcqQGsdot8ghrjyrvMCoEA==}
    deprecated: use String.prototype.padStart()

snapshots:

  left-pad@1.3.0(patch_hash=9e0f13b98377d5c4c2e7b7b6ba81f2619588134e4df976f8b79cc200b02cf500): {}

