{
  "name": "iso-test-internal",
  "version": "0.0.0",
  "lockfileVersion": 3,
  "requires": true,
  "packages": {
    "": {
      "name": "iso-test-internal",
      "version": "0.0.0",
      "workspaces": [
        "packages/*"
      ]
    },
    "node_modules/api": {
      "resolved": "packages/api",
      "link": true
    },
    "node_modules/debug": {
      "version": "4.4.3",
      "resolved": "https://registry.npmjs.org/debug/-/debug-4.4.3.tgz",
      "integrity": "sha512-RGwwWnwQvkVfavKVt22FGLw+xYSdzARwm0ru6DhTVA3umU5hZc28V3kO4stgYryrTlLpuvgI9GiijltAjNbcqA==",
      "license": "MIT",
      "dependencies": {
        "ms": "^2.1.3"
      },
      "engines": {
        "node": ">=6.0"
      },
      "peerDependenciesMeta": {
        "supports-color": {
          "optional": true
        }
      }
    },
    "node_modules/ms": {
      "version": "2.1.3",
      "resolved": "https://registry.npmjs.org/ms/-/ms-2.1.3.tgz",
      "integrity": "sha512-6FlzubTLZG3J2a/NVCAleEhjzq5oxgHyaCU9yYXvcLsvoVaHJq/s5xXI6/XXP6tz7R9xAOtHnSO/tXtF3WRTlA==",
      "license": "MIT"
    },
    "node_modules/semver": {
      "version": "7.7.4",
      "resolved": "https://registry.npmjs.org/semver/-/semver-7.7.4.tgz",
      "integrity": "sha512-vFKC2IEtQnVhpT78h1Yp8wzwrf8CM+MzKMHGJZfBtzhZNycRFnXsHk6E5TxIkkMsgNS7mdX3AGB7x2QM2di4lA==",
      "license": "ISC",
      "bin": {
        "semver": "bin/semver.js"
      },
      "engines": {
        "node": ">=10"
      }
    },
    "node_modules/shared": {
      "resolved": "packages/shared",
      "link": true
    },
    "node_modules/utils": {
      "resolved": "packages/utils",
      "link": true
    },
    "packages/api": {
      "version": "1.0.0",
      "dependencies": {
        "semver": "^7.6.0",
        "shared": "*"
      }
    },
    "packages/shared": {
      "version": "1.0.0",
      "dependencies": {
        "ms": "^2.1.3",
        "utils": "*"
      }
    },
    "packages/utils": {
      "version": "1.0.0",
      "dependencies": {
        "debug": "^4.3.0"
      }
    }
  }
}
