{
  "name": "iso-test-111",
  "version": "0.0.0",
  "lockfileVersion": 3,
  "requires": true,
  "packages": {
    "": {
      "name": "iso-test-111",
      "version": "0.0.0",
      "workspaces": [
        "packages/*"
      ]
    },
    "node_modules/api": {
      "resolved": "packages/api",
      "link": true
    },
    "node_modules/other": {
      "resolved": "packages/other",
      "link": true
    },
    "node_modules/semver": {
      "version": "7.7.4",
      "resolved": "https://registry.npmjs.org/semver/-/semver-7.7.4.tgz",
      "integrity": "sha512-vFKC2IEtQnVhpT78h1Yp8wzwrf8CM+MzKMHGJZfBtzhZNycRFnXsHk6E5TxIkkMsgNS7mdX3AGB7x2QM2di4lA==",
      "license": "ISC",
      "bin": {
        "semver": "bin/semver.js"
      },
      "engines": {
        "node": ">=10"
      }
    },
    "packages/api": {
      "version": "1.0.0",
      "dependencies": {
        "semver": "^6.3.0"
      }
    },
    "packages/api/node_modules/semver": {
      "version": "6.3.1",
      "resolved": "https://registry.npmjs.org/semver/-/semver-6.3.1.tgz",
      "integrity": "sha512-BR7VvDCVHO+q2xBEWskxS6DJE1qRnb7DxzUrogb71CWoSficBxYsiAGd+Kl0mmq/MprG9yArRkyrQxTO6XjMzA==",
      "license": "ISC",
      "bin": {
        "semver": "bin/semver.js"
      }
    },
    "packages/other": {
      "version": "1.0.0",
      "dependencies": {
        "semver": "^7.6.0"
      }
    }
  }
}
